PODS:
  - AWSAutoScaling (2.13.4):
    - AWSCore (= 2.13.4)
  - AWSCloudWatch (2.13.4):
    - AWSCore (= 2.13.4)
  - AWSCognito (2.13.4):
    - AWSCore (= 2.13.4)
  - AWSCognitoIdentityProvider (2.13.4):
    - AWSCognitoIdentityProviderASF (= 1.0.1)
    - AWSCore (= 2.13.4)
  - AWSCognitoIdentityProviderASF (1.0.1)
  - AWSCore (2.13.4)
  - AWSDynamoDB (2.13.4):
    - AWSCore (= 2.13.4)
  - AWSEC2 (2.13.4):
    - AWSCore (= 2.13.4)
  - AWSElasticLoadBalancing (2.13.4):
    - AWSCore (= 2.13.4)
  - AWSIoT (2.13.4):
    - AWSCore (= 2.13.4)
  - AWSKinesis (2.13.4):
    - AWSCore (= 2.13.4)
  - AWSLambda (2.13.4):
    - AWSCore (= 2.13.4)
  - AWSMachineLearning (2.13.4):
    - AWSCore (= 2.13.4)
  - AWSMobileAnalytics (2.13.4):
    - AWSCore (= 2.13.4)
  - AWSS3 (2.13.4):
    - AWSCore (= 2.13.4)
  - AWSSES (2.13.4):
    - AWSCore (= 2.13.4)
  - AWSSimpleDB (2.13.4):
    - AWSCore (= 2.13.4)
  - AWSSNS (2.13.4):
    - AWSCore (= 2.13.4)
  - AWSSQS (2.13.4):
    - AWSCore (= 2.13.4)
  - Crashlytics (3.14.0):
    - Fabric (~> 1.10.2)
  - Fabric (1.10.2)
  - Firebase/Analytics (6.25.0):
    - Firebase/Core
  - Firebase/Core (6.25.0):
    - Firebase/CoreOnly
    - FirebaseAnalytics (= 6.5.1)
  - Firebase/CoreOnly (6.25.0):
    - FirebaseCore (= 6.7.1)
  - FirebaseAnalytics (6.5.1):
    - FirebaseCore (~> 6.7)
    - FirebaseInstallations (~> 1.2)
    - GoogleAppMeasurement (= 6.5.1)
    - GoogleUtilities/AppDelegateSwizzler (~> 6.0)
    - GoogleUtilities/MethodSwizzler (~> 6.0)
    - GoogleUtilities/Network (~> 6.0)
    - "GoogleUtilities/NSData+zlib (~> 6.0)"
    - nanopb (~> 1.30905.0)
  - FirebaseCore (6.7.1):
    - FirebaseCoreDiagnostics (~> 1.3)
    - FirebaseCoreDiagnosticsInterop (~> 1.2)
    - GoogleUtilities/Environment (~> 6.5)
    - GoogleUtilities/Logger (~> 6.5)
  - FirebaseCoreDiagnostics (1.3.0):
    - FirebaseCoreDiagnosticsInterop (~> 1.2)
    - GoogleDataTransportCCTSupport (~> 3.1)
    - GoogleUtilities/Environment (~> 6.5)
    - GoogleUtilities/Logger (~> 6.5)
    - nanopb (~> 1.30905.0)
  - FirebaseCoreDiagnosticsInterop (1.2.0)
  - FirebaseInstallations (1.2.0):
    - FirebaseCore (~> 6.6)
    - GoogleUtilities/Environment (~> 6.6)
    - GoogleUtilities/UserDefaults (~> 6.6)
    - PromisesObjC (~> 1.2)
  - GoogleAppMeasurement (6.5.1):
    - GoogleUtilities/AppDelegateSwizzler (~> 6.0)
    - GoogleUtilities/MethodSwizzler (~> 6.0)
    - GoogleUtilities/Network (~> 6.0)
    - "GoogleUtilities/NSData+zlib (~> 6.0)"
    - nanopb (~> 1.30905.0)
  - GoogleDataTransport (6.1.1)
  - GoogleDataTransportCCTSupport (3.1.0):
    - GoogleDataTransport (~> 6.1)
    - nanopb (~> 1.30905.0)
  - GoogleUtilities/AppDelegateSwizzler (6.6.0):
    - GoogleUtilities/Environment
    - GoogleUtilities/Logger
    - GoogleUtilities/Network
  - GoogleUtilities/Environment (6.6.0):
    - PromisesObjC (~> 1.2)
  - GoogleUtilities/Logger (6.6.0):
    - GoogleUtilities/Environment
  - GoogleUtilities/MethodSwizzler (6.6.0):
    - GoogleUtilities/Logger
  - GoogleUtilities/Network (6.6.0):
    - GoogleUtilities/Logger
    - "GoogleUtilities/NSData+zlib"
    - GoogleUtilities/Reachability
  - "GoogleUtilities/NSData+zlib (6.6.0)"
  - GoogleUtilities/Reachability (6.6.0):
    - GoogleUtilities/Logger
  - GoogleUtilities/UserDefaults (6.6.0):
    - GoogleUtilities/Logger
  - nanopb (1.30905.0):
    - nanopb/decode (= 1.30905.0)
    - nanopb/encode (= 1.30905.0)
  - nanopb/decode (1.30905.0)
  - nanopb/encode (1.30905.0)
  - OpenCV (4.1.0)
  - PromisesObjC (1.2.8)

DEPENDENCIES:
  - AWSAutoScaling
  - AWSCloudWatch
  - AWSCognito
  - AWSCognitoIdentityProvider
  - AWSDynamoDB
  - AWSEC2
  - AWSElasticLoadBalancing
  - AWSIoT
  - AWSKinesis
  - AWSLambda
  - AWSMachineLearning
  - AWSMobileAnalytics
  - AWSS3
  - AWSSES
  - AWSSimpleDB
  - AWSSNS
  - AWSSQS
  - Crashlytics (~> 3.14.0)
  - Fabric (~> 1.10.2)
  - Firebase/Analytics
  - OpenCV

SPEC REPOS:
  trunk:
    - AWSAutoScaling
    - AWSCloudWatch
    - AWSCognito
    - AWSCognitoIdentityProvider
    - AWSCognitoIdentityProviderASF
    - AWSCore
    - AWSDynamoDB
    - AWSEC2
    - AWSElasticLoadBalancing
    - AWSIoT
    - AWSKinesis
    - AWSLambda
    - AWSMachineLearning
    - AWSMobileAnalytics
    - AWSS3
    - AWSSES
    - AWSSimpleDB
    - AWSSNS
    - AWSSQS
    - Crashlytics
    - Fabric
    - Firebase
    - FirebaseAnalytics
    - FirebaseCore
    - FirebaseCoreDiagnostics
    - FirebaseCoreDiagnosticsInterop
    - FirebaseInstallations
    - GoogleAppMeasurement
    - GoogleDataTransport
    - GoogleDataTransportCCTSupport
    - GoogleUtilities
    - nanopb
    - OpenCV
    - PromisesObjC

SPEC CHECKSUMS:
  AWSAutoScaling: 5f81c178e50c84bd213bc925329dd431855236b8
  AWSCloudWatch: 2ee5cb576ce309675c2c93a13848460c2649e02d
  AWSCognito: 24403b3cd53bf2821018c9f9860f1f51bc71e2e8
  AWSCognitoIdentityProvider: a2d1d2857316519c018c03ac8205cf78154db5c0
  AWSCognitoIdentityProviderASF: f94f1a502e72ef3d0a1de93e10bf7a79c8698118
  AWSCore: 06beea22b6bdbfe9f5ab5015c6901e8475c746a8
  AWSDynamoDB: 6467f8446b4afd9feb6d5cad63b19a4af64d3af7
  AWSEC2: 304eb810c808182b9fd8f31018e8e38744345aba
  AWSElasticLoadBalancing: 997946e8e85125aea9551635316e9fb6c56899f0
  AWSIoT: d63cd08d0702627a0e9a66cb02c7f273784c0730
  AWSKinesis: 3b44da717c028f0a63b0e9881b7229dd61116248
  AWSLambda: 7cad8334e22c75ba3cd07543108345226e5c28d3
  AWSMachineLearning: 973784f31ecf1b15eae346445ed43c4bc44ebbfe
  AWSMobileAnalytics: 600e8d5e0c1cb7d7008d0a9ba2657f95a838394b
  AWSS3: ab3965322c8e5ee069eaf9b3201c55557ad21be1
  AWSSES: 2c872e2971aa0e24435d2946e30addd81c15f272
  AWSSimpleDB: 7c06dc16e5a344c9fb34cada49a61488c8f4ce8c
  AWSSNS: 07725d5ab55c0fac5de373477f848ad8677e4602
  AWSSQS: bdac34b0aaecba91769d1aac87b8527f34c70d8b
  Crashlytics: 540b7e5f5da5a042647227a5e3ac51d85eed06df
  Fabric: 706c8b8098fff96c33c0db69cbf81f9c551d0d74
  Firebase: 5719b4f965f76643241a1bb8244483ff6117db39
  FirebaseAnalytics: 93565f3f0f0f50a5d8770850bfe6a82eaba5db27
  FirebaseCore: 6023faeada5afa95a349fccafb40900e32e9ac42
  FirebaseCoreDiagnostics: 4a773a47bd83bbd5a9b1ccf1ce7caa8b2d535e67
  FirebaseCoreDiagnosticsInterop: 296e2c5f5314500a850ad0b83e9e7c10b011a850
  FirebaseInstallations: 2119fb3e46b0a88bfdbf12562f855ee3252462fa
  GoogleAppMeasurement: 137afe68bfa406c3f4221b9395253d9e5d4654cf
  GoogleDataTransport: ad884314b81cdb808fb1d23787b367ff8da4e28a
  GoogleDataTransportCCTSupport: d70a561f7d236af529fee598835caad5e25f6d3d
  GoogleUtilities: 39530bc0ad980530298e9c4af8549e991fd033b1
  nanopb: c43f40fadfe79e8b8db116583945847910cbabc9
  OpenCV: 52cd4d72ff29e2be83421477aec5447320b7fb19
  PromisesObjC: c119f3cd559f50b7ae681fa59dc1acd19173b7e6

PODFILE CHECKSUM: 95230705fb7c6d2addf37d32f91866343227d741

COCOAPODS: 1.8.4
