// !$*UTF8*$!
{
	archiveVersion = 1;
	classes = {
	};
	objectVersion = 46;
	objects = {

/* Begin PBXBuildFile section */
		5587A33D3780040F87ABFBF6 /* Pods_KifuCam.framework in Frameworks */ = {isa = PBXBuildFile; fileRef = 6BBB9DA6166687033F12018B /* Pods_KifuCam.framework */; };
		AC043D2F1F9AC580006CF7F0 /* FrameExtractor.m in Sources */ = {isa = PBXBuildFile; fileRef = AC043D2E1F9AC580006CF7F0 /* FrameExtractor.m */; };
		AC13BB28200BD38600369CAE /* LGSideMenuBorderView.m in Sources */ = {isa = PBXBuildFile; fileRef = AC13BB1A200BD38500369CAE /* LGSideMenuBorderView.m */; };
		AC13BB29200BD38600369CAE /* LGSideMenuHelper.m in Sources */ = {isa = PBXBuildFile; fileRef = AC13BB1B200BD38500369CAE /* LGSideMenuHelper.m */; };
		AC13BB2A200BD38600369CAE /* UIViewController+LGSideMenuController.m in Sources */ = {isa = PBXBuildFile; fileRef = AC13BB1E200BD38500369CAE /* UIViewController+LGSideMenuController.m */; };
		AC13BB2B200BD38600369CAE /* LGSideMenuGesturesHandler.m in Sources */ = {isa = PBXBuildFile; fileRef = AC13BB20200BD38600369CAE /* LGSideMenuGesturesHandler.m */; };
		AC13BB2C200BD38700369CAE /* LGSideMenuController.m in Sources */ = {isa = PBXBuildFile; fileRef = AC13BB25200BD38600369CAE /* LGSideMenuController.m */; };
		AC13BB2D200BD38700369CAE /* LGSideMenuView.m in Sources */ = {isa = PBXBuildFile; fileRef = AC13BB26200BD38600369CAE /* LGSideMenuView.m */; };
		AC13BB2E200BD38700369CAE /* LGSideMenuSegue.m in Sources */ = {isa = PBXBuildFile; fileRef = AC13BB27200BD38600369CAE /* LGSideMenuSegue.m */; };
		AC13BB3B200BD6C600369CAE /* LeftMenuController.m in Sources */ = {isa = PBXBuildFile; fileRef = AC13BB2F200BD6C200369CAE /* LeftMenuController.m */; };
		AC13BB3C200BD6C600369CAE /* NavigationController.m in Sources */ = {isa = PBXBuildFile; fileRef = AC13BB31200BD6C300369CAE /* NavigationController.m */; };
		AC13BB3D200BD6C600369CAE /* TopViewController.m in Sources */ = {isa = PBXBuildFile; fileRef = AC13BB34200BD6C400369CAE /* TopViewController.m */; };
		AC13BB3E200BD6C600369CAE /* RightViewController.m in Sources */ = {isa = PBXBuildFile; fileRef = AC13BB38200BD6C500369CAE /* RightViewController.m */; };
		AC13BB3F200BD6C600369CAE /* RightViewCell.m in Sources */ = {isa = PBXBuildFile; fileRef = AC13BB39200BD6C500369CAE /* RightViewCell.m */; };
		AC13BB40200BD6C600369CAE /* LeftMenuCell.m in Sources */ = {isa = PBXBuildFile; fileRef = AC13BB3A200BD6C600369CAE /* LeftMenuCell.m */; };
		AC3274412016836D009BEFD2 /* photo_icon.png in Resources */ = {isa = PBXBuildFile; fileRef = AC32743F2016836B009BEFD2 /* photo_icon.png */; };
		AC3274422016836D009BEFD2 /* video_icon.png in Resources */ = {isa = PBXBuildFile; fileRef = AC3274402016836C009BEFD2 /* video_icon.png */; };
		AC3A1888203B8FE000A413A8 /* KerasStoneModel.m in Sources */ = {isa = PBXBuildFile; fileRef = AC3A1887203B8FE000A413A8 /* KerasStoneModel.m */; };
		AC3A1BEC203A8B3900AC3E70 /* nn_bew.mlmodel in Sources */ = {isa = PBXBuildFile; fileRef = AC3A1BEB203A8B3900AC3E70 /* nn_bew.mlmodel */; };
		AC3C5EBC1FBC942000BB8B4F /* Ocv.cpp in Sources */ = {isa = PBXBuildFile; fileRef = AC3C5EBA1FBC942000BB8B4F /* Ocv.cpp */; };
		AC5540771F9BE71900922557 /* CppInterface.mm in Sources */ = {isa = PBXBuildFile; fileRef = AC5540761F9BE71800922557 /* CppInterface.mm */; };
		AC5F33A0200FD370002FEF06 /* EditTestCaseVC.m in Sources */ = {isa = PBXBuildFile; fileRef = AC5F339F200FD370002FEF06 /* EditTestCaseVC.m */; };
		AC5F33A720128576002FEF06 /* TestResultsVC.m in Sources */ = {isa = PBXBuildFile; fileRef = AC5F33A620128576002FEF06 /* TestResultsVC.m */; };
		AC5F340E20151C41002FEF06 /* S3.m in Sources */ = {isa = PBXBuildFile; fileRef = AC5F340D20151C41002FEF06 /* S3.m */; };
		AC61AD571FBCCB0B00DEBCDA /* Common.cpp in Sources */ = {isa = PBXBuildFile; fileRef = AC61AD551FBCCB0B00DEBCDA /* Common.cpp */; };
		AC628C181F9A7D3F0043FCEE /* main.m in Sources */ = {isa = PBXBuildFile; fileRef = AC628C171F9A7D3F0043FCEE /* main.m */; };
		AC628C1B1F9A7D3F0043FCEE /* AppDelegate.m in Sources */ = {isa = PBXBuildFile; fileRef = AC628C1A1F9A7D3F0043FCEE /* AppDelegate.m */; };
		AC628C231F9A7D3F0043FCEE /* Assets.xcassets in Resources */ = {isa = PBXBuildFile; fileRef = AC628C221F9A7D3F0043FCEE /* Assets.xcassets */; };
		AC628C341F9A80150043FCEE /* MainVC.m in Sources */ = {isa = PBXBuildFile; fileRef = AC628C331F9A80150043FCEE /* MainVC.m */; };
		AC7402FB2023E81F0036ABC2 /* Launch.storyboard in Resources */ = {isa = PBXBuildFile; fileRef = AC7402FA2023E81F0036ABC2 /* Launch.storyboard */; };
		AC785345202B6D0400E565F3 /* radio_on.png in Resources */ = {isa = PBXBuildFile; fileRef = AC785343202B6D0400E565F3 /* radio_on.png */; };
		AC785346202B6D0400E565F3 /* radio_off.png in Resources */ = {isa = PBXBuildFile; fileRef = AC785344202B6D0400E565F3 /* radio_off.png */; };
		AC80400A1FA92613000088D2 /* Accelerate.framework in Frameworks */ = {isa = PBXBuildFile; fileRef = AC8040091FA92604000088D2 /* Accelerate.framework */; };
		AC8ACF8C1FBF5553005D5722 /* BlobFinder.cpp in Sources */ = {isa = PBXBuildFile; fileRef = AC8ACF8A1FBF5553005D5722 /* BlobFinder.cpp */; };
		AC9702181FBC87DF0057C4C2 /* Globals.mm in Sources */ = {isa = PBXBuildFile; fileRef = AC9702171FBC87DF0057C4C2 /* Globals.mm */; };
		AC98149C2021167B004375DD /* AboutVC.m in Sources */ = {isa = PBXBuildFile; fileRef = AC98149B2021167B004375DD /* AboutVC.m */; };
		AC9814A220214F6B004375DD /* SettingsVC.m in Sources */ = {isa = PBXBuildFile; fileRef = AC9814A120214F6B004375DD /* SettingsVC.m */; };
		AC9814A5202152CD004375DD /* checked.png in Resources */ = {isa = PBXBuildFile; fileRef = AC9814A3202152CD004375DD /* checked.png */; };
		AC9814A6202152CD004375DD /* unchecked.png in Resources */ = {isa = PBXBuildFile; fileRef = AC9814A4202152CD004375DD /* unchecked.png */; };
		ACA185D8201BEA7100A3501E /* demo.png in Resources */ = {isa = PBXBuildFile; fileRef = ACA185D7201BEA7000A3501E /* demo.png */; };
		ACA69E4C1F9D077B00F5E068 /* Common.m in Sources */ = {isa = PBXBuildFile; fileRef = ACA69E4B1F9D077B00F5E068 /* Common.m */; };
		ACA86B73202508E800939F1A /* Icon-152.png in Resources */ = {isa = PBXBuildFile; fileRef = ACA86B70202508E700939F1A /* Icon-152.png */; };
		ACA86B74202508E800939F1A /* Icon-120.png in Resources */ = {isa = PBXBuildFile; fileRef = ACA86B71202508E700939F1A /* Icon-120.png */; };
		ACA86B75202508E800939F1A /* Icon-167.png in Resources */ = {isa = PBXBuildFile; fileRef = ACA86B72202508E700939F1A /* Icon-167.png */; };
		ACAB4571204F0E7E00958AC6 /* nn_io.mlmodel in Sources */ = {isa = PBXBuildFile; fileRef = ACAB4570204F0E7E00958AC6 /* nn_io.mlmodel */; };
		ACAB45742051A25E00958AC6 /* KerasBoardModel.m in Sources */ = {isa = PBXBuildFile; fileRef = ACAB45732051A25D00958AC6 /* KerasBoardModel.m */; };
		ACAFE424201FD1AB00E26773 /* kifu-cam.png in Resources */ = {isa = PBXBuildFile; fileRef = ACAFE416201FD1AB00E26773 /* kifu-cam.png */; };
		ACB0C40C22D4E94B00356EA4 /* KerasScoreModel.m in Sources */ = {isa = PBXBuildFile; fileRef = ACB0C40B22D4E94B00356EA4 /* KerasScoreModel.m */; };
		ACB0C41022D5100C00356EA4 /* nn_score.mlmodel in Sources */ = {isa = PBXBuildFile; fileRef = ACB0C40F22D5100C00356EA4 /* nn_score.mlmodel */; };
		ACB76EEB2360FEFC00B0445B /* GoogleService-Info.plist in Resources */ = {isa = PBXBuildFile; fileRef = ACB76EEA2360FEFB00B0445B /* GoogleService-Info.plist */; };
		ACC91313201694C700B62682 /* SaveDiscardVC.m in Sources */ = {isa = PBXBuildFile; fileRef = ACC91312201694C600B62682 /* SaveDiscardVC.m */; };
		ACC913162017F4F400B62682 /* ImagesVC.m in Sources */ = {isa = PBXBuildFile; fileRef = ACC913142017F4F300B62682 /* ImagesVC.m */; };
		ACF318532361048800C5E684 /* AssetsLibrary.framework in Frameworks */ = {isa = PBXBuildFile; fileRef = ACF318522361048800C5E684 /* AssetsLibrary.framework */; };
/* End PBXBuildFile section */

/* Begin PBXCopyFilesBuildPhase section */
		AC5F340B201513F8002FEF06 /* Embed Frameworks */ = {
			isa = PBXCopyFilesBuildPhase;
			buildActionMask = 2147483647;
			dstPath = "";
			dstSubfolderSpec = 10;
			files = (
			);
			name = "Embed Frameworks";
			runOnlyForDeploymentPostprocessing = 0;
		};
/* End PBXCopyFilesBuildPhase section */

/* Begin PBXFileReference section */
		2014658FF2E2F3364BBA01AA /* Pods-KifuCam.debug.xcconfig */ = {isa = PBXFileReference; includeInIndex = 1; lastKnownFileType = text.xcconfig; name = "Pods-KifuCam.debug.xcconfig"; path = "Target Support Files/Pods-KifuCam/Pods-KifuCam.debug.xcconfig"; sourceTree = "<group>"; };
		6BBB9DA6166687033F12018B /* Pods_KifuCam.framework */ = {isa = PBXFileReference; explicitFileType = wrapper.framework; includeInIndex = 0; path = Pods_KifuCam.framework; sourceTree = BUILT_PRODUCTS_DIR; };
		AC043D2D1F9AC580006CF7F0 /* FrameExtractor.h */ = {isa = PBXFileReference; lastKnownFileType = sourcecode.c.h; path = FrameExtractor.h; sourceTree = "<group>"; };
		AC043D2E1F9AC580006CF7F0 /* FrameExtractor.m */ = {isa = PBXFileReference; lastKnownFileType = sourcecode.c.objc; path = FrameExtractor.m; sourceTree = "<group>"; };
		AC043D331F9BB9AB006CF7F0 /* Common.h */ = {isa = PBXFileReference; lastKnownFileType = sourcecode.c.h; path = Common.h; sourceTree = "<group>"; };
		AC13BB1A200BD38500369CAE /* LGSideMenuBorderView.m */ = {isa = PBXFileReference; fileEncoding = 4; lastKnownFileType = sourcecode.c.objc; name = LGSideMenuBorderView.m; path = LGSideMenuController/LGSideMenuBorderView.m; sourceTree = "<group>"; };
		AC13BB1B200BD38500369CAE /* LGSideMenuHelper.m */ = {isa = PBXFileReference; fileEncoding = 4; lastKnownFileType = sourcecode.c.objc; name = LGSideMenuHelper.m; path = LGSideMenuController/LGSideMenuHelper.m; sourceTree = "<group>"; };
		AC13BB1C200BD38500369CAE /* LGSideMenuView.h */ = {isa = PBXFileReference; fileEncoding = 4; lastKnownFileType = sourcecode.c.h; name = LGSideMenuView.h; path = LGSideMenuController/LGSideMenuView.h; sourceTree = "<group>"; };
		AC13BB1D200BD38500369CAE /* LGSideMenuBorderView.h */ = {isa = PBXFileReference; fileEncoding = 4; lastKnownFileType = sourcecode.c.h; name = LGSideMenuBorderView.h; path = LGSideMenuController/LGSideMenuBorderView.h; sourceTree = "<group>"; };
		AC13BB1E200BD38500369CAE /* UIViewController+LGSideMenuController.m */ = {isa = PBXFileReference; fileEncoding = 4; lastKnownFileType = sourcecode.c.objc; name = "UIViewController+LGSideMenuController.m"; path = "LGSideMenuController/UIViewController+LGSideMenuController.m"; sourceTree = "<group>"; };
		AC13BB1F200BD38500369CAE /* LGSideMenuController.h */ = {isa = PBXFileReference; fileEncoding = 4; lastKnownFileType = sourcecode.c.h; name = LGSideMenuController.h; path = LGSideMenuController/LGSideMenuController.h; sourceTree = "<group>"; };
		AC13BB20200BD38600369CAE /* LGSideMenuGesturesHandler.m */ = {isa = PBXFileReference; fileEncoding = 4; lastKnownFileType = sourcecode.c.objc; name = LGSideMenuGesturesHandler.m; path = LGSideMenuController/LGSideMenuGesturesHandler.m; sourceTree = "<group>"; };
		AC13BB21200BD38600369CAE /* LGSideMenuGesturesHandler.h */ = {isa = PBXFileReference; fileEncoding = 4; lastKnownFileType = sourcecode.c.h; name = LGSideMenuGesturesHandler.h; path = LGSideMenuController/LGSideMenuGesturesHandler.h; sourceTree = "<group>"; };
		AC13BB22200BD38600369CAE /* UIViewController+LGSideMenuController.h */ = {isa = PBXFileReference; fileEncoding = 4; lastKnownFileType = sourcecode.c.h; name = "UIViewController+LGSideMenuController.h"; path = "LGSideMenuController/UIViewController+LGSideMenuController.h"; sourceTree = "<group>"; };
		AC13BB23200BD38600369CAE /* LGSideMenuHelper.h */ = {isa = PBXFileReference; fileEncoding = 4; lastKnownFileType = sourcecode.c.h; name = LGSideMenuHelper.h; path = LGSideMenuController/LGSideMenuHelper.h; sourceTree = "<group>"; };
		AC13BB24200BD38600369CAE /* LGSideMenuSegue.h */ = {isa = PBXFileReference; fileEncoding = 4; lastKnownFileType = sourcecode.c.h; name = LGSideMenuSegue.h; path = LGSideMenuController/LGSideMenuSegue.h; sourceTree = "<group>"; };
		AC13BB25200BD38600369CAE /* LGSideMenuController.m */ = {isa = PBXFileReference; fileEncoding = 4; lastKnownFileType = sourcecode.c.objc; name = LGSideMenuController.m; path = LGSideMenuController/LGSideMenuController.m; sourceTree = "<group>"; };
		AC13BB26200BD38600369CAE /* LGSideMenuView.m */ = {isa = PBXFileReference; fileEncoding = 4; lastKnownFileType = sourcecode.c.objc; name = LGSideMenuView.m; path = LGSideMenuController/LGSideMenuView.m; sourceTree = "<group>"; };
		AC13BB27200BD38600369CAE /* LGSideMenuSegue.m */ = {isa = PBXFileReference; fileEncoding = 4; lastKnownFileType = sourcecode.c.objc; name = LGSideMenuSegue.m; path = LGSideMenuController/LGSideMenuSegue.m; sourceTree = "<group>"; };
		AC13BB2F200BD6C200369CAE /* LeftMenuController.m */ = {isa = PBXFileReference; fileEncoding = 4; lastKnownFileType = sourcecode.c.objc; path = LeftMenuController.m; sourceTree = "<group>"; };
		AC13BB30200BD6C200369CAE /* NavigationController.h */ = {isa = PBXFileReference; fileEncoding = 4; lastKnownFileType = sourcecode.c.h; path = NavigationController.h; sourceTree = "<group>"; };
		AC13BB31200BD6C300369CAE /* NavigationController.m */ = {isa = PBXFileReference; fileEncoding = 4; lastKnownFileType = sourcecode.c.objc; path = NavigationController.m; sourceTree = "<group>"; };
		AC13BB32200BD6C300369CAE /* RightViewCell.h */ = {isa = PBXFileReference; fileEncoding = 4; lastKnownFileType = sourcecode.c.h; path = RightViewCell.h; sourceTree = "<group>"; };
		AC13BB33200BD6C300369CAE /* RightViewController.h */ = {isa = PBXFileReference; fileEncoding = 4; lastKnownFileType = sourcecode.c.h; path = RightViewController.h; sourceTree = "<group>"; };
		AC13BB34200BD6C400369CAE /* TopViewController.m */ = {isa = PBXFileReference; fileEncoding = 4; lastKnownFileType = sourcecode.c.objc; path = TopViewController.m; sourceTree = "<group>"; };
		AC13BB35200BD6C400369CAE /* LeftMenuCell.h */ = {isa = PBXFileReference; fileEncoding = 4; lastKnownFileType = sourcecode.c.h; path = LeftMenuCell.h; sourceTree = "<group>"; };
		AC13BB36200BD6C400369CAE /* TopViewController.h */ = {isa = PBXFileReference; fileEncoding = 4; lastKnownFileType = sourcecode.c.h; path = TopViewController.h; sourceTree = "<group>"; };
		AC13BB37200BD6C500369CAE /* LeftMenuController.h */ = {isa = PBXFileReference; fileEncoding = 4; lastKnownFileType = sourcecode.c.h; path = LeftMenuController.h; sourceTree = "<group>"; };
		AC13BB38200BD6C500369CAE /* RightViewController.m */ = {isa = PBXFileReference; fileEncoding = 4; lastKnownFileType = sourcecode.c.objc; path = RightViewController.m; sourceTree = "<group>"; };
		AC13BB39200BD6C500369CAE /* RightViewCell.m */ = {isa = PBXFileReference; fileEncoding = 4; lastKnownFileType = sourcecode.c.objc; path = RightViewCell.m; sourceTree = "<group>"; };
		AC13BB3A200BD6C600369CAE /* LeftMenuCell.m */ = {isa = PBXFileReference; fileEncoding = 4; lastKnownFileType = sourcecode.c.objc; path = LeftMenuCell.m; sourceTree = "<group>"; };
		AC1756CB200527770069EE99 /* Helpers.hpp */ = {isa = PBXFileReference; lastKnownFileType = sourcecode.cpp.h; path = Helpers.hpp; sourceTree = "<group>"; };
		AC32743F2016836B009BEFD2 /* photo_icon.png */ = {isa = PBXFileReference; lastKnownFileType = image.png; name = photo_icon.png; path = Assets/photo_icon.png; sourceTree = SOURCE_ROOT; };
		AC3274402016836C009BEFD2 /* video_icon.png */ = {isa = PBXFileReference; lastKnownFileType = image.png; name = video_icon.png; path = Assets/video_icon.png; sourceTree = SOURCE_ROOT; };
		AC3A1886203B8FE000A413A8 /* KerasStoneModel.h */ = {isa = PBXFileReference; lastKnownFileType = sourcecode.c.h; path = KerasStoneModel.h; sourceTree = "<group>"; };
		AC3A1887203B8FE000A413A8 /* KerasStoneModel.m */ = {isa = PBXFileReference; lastKnownFileType = sourcecode.c.objc; path = KerasStoneModel.m; sourceTree = "<group>"; };
		AC3A1BEB203A8B3900AC3E70 /* nn_bew.mlmodel */ = {isa = PBXFileReference; lastKnownFileType = file.mlmodel; path = nn_bew.mlmodel; sourceTree = "<group>"; };
		AC3C5EBA1FBC942000BB8B4F /* Ocv.cpp */ = {isa = PBXFileReference; lastKnownFileType = sourcecode.cpp.cpp; path = Ocv.cpp; sourceTree = "<group>"; };
		AC3C5EBB1FBC942000BB8B4F /* Ocv.hpp */ = {isa = PBXFileReference; lastKnownFileType = sourcecode.cpp.h; path = Ocv.hpp; sourceTree = "<group>"; };
		AC5540751F9BE71800922557 /* CppInterface.h */ = {isa = PBXFileReference; lastKnownFileType = sourcecode.c.h; path = CppInterface.h; sourceTree = "<group>"; };
		AC5540761F9BE71800922557 /* CppInterface.mm */ = {isa = PBXFileReference; lastKnownFileType = sourcecode.cpp.objcpp; path = CppInterface.mm; sourceTree = "<group>"; };
		AC5F339E200FD370002FEF06 /* EditTestCaseVC.h */ = {isa = PBXFileReference; lastKnownFileType = sourcecode.c.h; path = EditTestCaseVC.h; sourceTree = "<group>"; };
		AC5F339F200FD370002FEF06 /* EditTestCaseVC.m */ = {isa = PBXFileReference; lastKnownFileType = sourcecode.c.objc; path = EditTestCaseVC.m; sourceTree = "<group>"; };
		AC5F33A520128576002FEF06 /* TestResultsVC.h */ = {isa = PBXFileReference; lastKnownFileType = sourcecode.c.h; path = TestResultsVC.h; sourceTree = "<group>"; };
		AC5F33A620128576002FEF06 /* TestResultsVC.m */ = {isa = PBXFileReference; lastKnownFileType = sourcecode.c.objc; path = TestResultsVC.m; sourceTree = "<group>"; };
		AC5F340D20151C41002FEF06 /* S3.m */ = {isa = PBXFileReference; lastKnownFileType = sourcecode.c.objc; path = S3.m; sourceTree = "<group>"; };
		AC5F340F20151C59002FEF06 /* S3.h */ = {isa = PBXFileReference; lastKnownFileType = sourcecode.c.h; path = S3.h; sourceTree = "<group>"; };
		AC61AD551FBCCB0B00DEBCDA /* Common.cpp */ = {isa = PBXFileReference; lastKnownFileType = sourcecode.cpp.cpp; path = Common.cpp; sourceTree = "<group>"; };
		AC61AD561FBCCB0B00DEBCDA /* Common.hpp */ = {isa = PBXFileReference; lastKnownFileType = sourcecode.cpp.h; path = Common.hpp; sourceTree = "<group>"; };
		AC620A6222D6562900FDCB82 /* Scoring.hpp */ = {isa = PBXFileReference; fileEncoding = 4; lastKnownFileType = sourcecode.cpp.h; path = Scoring.hpp; sourceTree = "<group>"; };
		AC628C131F9A7D3F0043FCEE /* KifuCam.app */ = {isa = PBXFileReference; explicitFileType = wrapper.application; includeInIndex = 0; path = KifuCam.app; sourceTree = BUILT_PRODUCTS_DIR; };
		AC628C171F9A7D3F0043FCEE /* main.m */ = {isa = PBXFileReference; lastKnownFileType = sourcecode.c.objc; path = main.m; sourceTree = "<group>"; };
		AC628C191F9A7D3F0043FCEE /* AppDelegate.h */ = {isa = PBXFileReference; lastKnownFileType = sourcecode.c.h; path = AppDelegate.h; sourceTree = "<group>"; };
		AC628C1A1F9A7D3F0043FCEE /* AppDelegate.m */ = {isa = PBXFileReference; lastKnownFileType = sourcecode.c.objc; path = AppDelegate.m; sourceTree = "<group>"; };
		AC628C221F9A7D3F0043FCEE /* Assets.xcassets */ = {isa = PBXFileReference; lastKnownFileType = folder.assetcatalog; path = Assets.xcassets; sourceTree = "<group>"; };
		AC628C271F9A7D3F0043FCEE /* Info.plist */ = {isa = PBXFileReference; lastKnownFileType = text.plist.xml; path = Info.plist; sourceTree = "<group>"; };
		AC628C321F9A80150043FCEE /* MainVC.h */ = {isa = PBXFileReference; fileEncoding = 4; lastKnownFileType = sourcecode.c.h; path = MainVC.h; sourceTree = "<group>"; };
		AC628C331F9A80150043FCEE /* MainVC.m */ = {isa = PBXFileReference; fileEncoding = 4; lastKnownFileType = sourcecode.c.objc; path = MainVC.m; sourceTree = "<group>"; };
		AC7402FA2023E81F0036ABC2 /* Launch.storyboard */ = {isa = PBXFileReference; lastKnownFileType = file.storyboard; path = Launch.storyboard; sourceTree = "<group>"; };
		AC785343202B6D0400E565F3 /* radio_on.png */ = {isa = PBXFileReference; lastKnownFileType = image.png; path = radio_on.png; sourceTree = "<group>"; };
		AC785344202B6D0400E565F3 /* radio_off.png */ = {isa = PBXFileReference; lastKnownFileType = image.png; path = radio_off.png; sourceTree = "<group>"; };
		AC8040091FA92604000088D2 /* Accelerate.framework */ = {isa = PBXFileReference; lastKnownFileType = wrapper.framework; name = Accelerate.framework; path = System/Library/Frameworks/Accelerate.framework; sourceTree = SDKROOT; };
		AC8ACF8A1FBF5553005D5722 /* BlobFinder.cpp */ = {isa = PBXFileReference; lastKnownFileType = sourcecode.cpp.cpp; path = BlobFinder.cpp; sourceTree = "<group>"; };
		AC8ACF8B1FBF5553005D5722 /* BlobFinder.hpp */ = {isa = PBXFileReference; lastKnownFileType = sourcecode.cpp.h; path = BlobFinder.hpp; sourceTree = "<group>"; };
		AC9702171FBC87DF0057C4C2 /* Globals.mm */ = {isa = PBXFileReference; lastKnownFileType = sourcecode.cpp.objcpp; path = Globals.mm; sourceTree = "<group>"; };
		AC9702191FBC88050057C4C2 /* Globals.h */ = {isa = PBXFileReference; lastKnownFileType = sourcecode.c.h; path = Globals.h; sourceTree = "<group>"; };
		AC98149A2021167A004375DD /* AboutVC.h */ = {isa = PBXFileReference; fileEncoding = 4; lastKnownFileType = sourcecode.c.h; path = AboutVC.h; sourceTree = "<group>"; };
		AC98149B2021167B004375DD /* AboutVC.m */ = {isa = PBXFileReference; fileEncoding = 4; lastKnownFileType = sourcecode.c.objc; path = AboutVC.m; sourceTree = "<group>"; };
		AC9814A020214F6B004375DD /* SettingsVC.h */ = {isa = PBXFileReference; fileEncoding = 4; lastKnownFileType = sourcecode.c.h; path = SettingsVC.h; sourceTree = "<group>"; };
		AC9814A120214F6B004375DD /* SettingsVC.m */ = {isa = PBXFileReference; fileEncoding = 4; lastKnownFileType = sourcecode.c.objc; path = SettingsVC.m; sourceTree = "<group>"; };
		AC9814A3202152CD004375DD /* checked.png */ = {isa = PBXFileReference; lastKnownFileType = image.png; path = checked.png; sourceTree = "<group>"; };
		AC9814A4202152CD004375DD /* unchecked.png */ = {isa = PBXFileReference; lastKnownFileType = image.png; path = unchecked.png; sourceTree = "<group>"; };
		ACA185D7201BEA7000A3501E /* demo.png */ = {isa = PBXFileReference; lastKnownFileType = image.png; path = demo.png; sourceTree = "<group>"; };
		ACA5B4A822CD6C5B008097A2 /* GoBoard.hpp */ = {isa = PBXFileReference; lastKnownFileType = sourcecode.cpp.h; path = GoBoard.hpp; sourceTree = "<group>"; };
		ACA69E4B1F9D077B00F5E068 /* Common.m */ = {isa = PBXFileReference; lastKnownFileType = sourcecode.c.objc; path = Common.m; sourceTree = "<group>"; };
		ACA86B70202508E700939F1A /* Icon-152.png */ = {isa = PBXFileReference; lastKnownFileType = image.png; path = "Icon-152.png"; sourceTree = "<group>"; };
		ACA86B71202508E700939F1A /* Icon-120.png */ = {isa = PBXFileReference; lastKnownFileType = image.png; path = "Icon-120.png"; sourceTree = "<group>"; };
		ACA86B72202508E700939F1A /* Icon-167.png */ = {isa = PBXFileReference; lastKnownFileType = image.png; path = "Icon-167.png"; sourceTree = "<group>"; };
		ACAB4570204F0E7E00958AC6 /* nn_io.mlmodel */ = {isa = PBXFileReference; lastKnownFileType = file.mlmodel; path = nn_io.mlmodel; sourceTree = "<group>"; };
		ACAB45722051A25D00958AC6 /* KerasBoardModel.h */ = {isa = PBXFileReference; fileEncoding = 4; lastKnownFileType = sourcecode.c.h; path = KerasBoardModel.h; sourceTree = "<group>"; };
		ACAB45732051A25D00958AC6 /* KerasBoardModel.m */ = {isa = PBXFileReference; fileEncoding = 4; lastKnownFileType = sourcecode.c.objc; path = KerasBoardModel.m; sourceTree = "<group>"; };
		ACAB4579205AC76F00958AC6 /* Perspective.hpp */ = {isa = PBXFileReference; lastKnownFileType = sourcecode.cpp.h; path = Perspective.hpp; sourceTree = "<group>"; };
		ACAFE416201FD1AB00E26773 /* kifu-cam.png */ = {isa = PBXFileReference; lastKnownFileType = image.png; path = "kifu-cam.png"; sourceTree = "<group>"; };
		ACB0C40B22D4E94B00356EA4 /* KerasScoreModel.m */ = {isa = PBXFileReference; lastKnownFileType = sourcecode.c.objc; path = KerasScoreModel.m; sourceTree = "<group>"; };
		ACB0C40E22D4E99A00356EA4 /* KerasScoreModel.h */ = {isa = PBXFileReference; lastKnownFileType = sourcecode.c.h; path = KerasScoreModel.h; sourceTree = "<group>"; };
		ACB0C40F22D5100C00356EA4 /* nn_score.mlmodel */ = {isa = PBXFileReference; lastKnownFileType = file.mlmodel; path = nn_score.mlmodel; sourceTree = "<group>"; };
		ACB76EEA2360FEFB00B0445B /* GoogleService-Info.plist */ = {isa = PBXFileReference; fileEncoding = 4; lastKnownFileType = text.plist.xml; path = "GoogleService-Info.plist"; sourceTree = "<group>"; };
		ACC91311201694C500B62682 /* SaveDiscardVC.h */ = {isa = PBXFileReference; fileEncoding = 4; lastKnownFileType = sourcecode.c.h; path = SaveDiscardVC.h; sourceTree = "<group>"; };
		ACC91312201694C600B62682 /* SaveDiscardVC.m */ = {isa = PBXFileReference; fileEncoding = 4; lastKnownFileType = sourcecode.c.objc; path = SaveDiscardVC.m; sourceTree = "<group>"; };
		ACC913142017F4F300B62682 /* ImagesVC.m */ = {isa = PBXFileReference; fileEncoding = 4; lastKnownFileType = sourcecode.c.objc; path = ImagesVC.m; sourceTree = "<group>"; };
		ACC913152017F4F300B62682 /* ImagesVC.h */ = {isa = PBXFileReference; fileEncoding = 4; lastKnownFileType = sourcecode.c.h; path = ImagesVC.h; sourceTree = "<group>"; };
		ACEF735F1FBDF53200DA4AD8 /* Clust1D.hpp */ = {isa = PBXFileReference; lastKnownFileType = sourcecode.cpp.h; path = Clust1D.hpp; sourceTree = "<group>"; };
		ACF318522361048800C5E684 /* AssetsLibrary.framework */ = {isa = PBXFileReference; lastKnownFileType = wrapper.framework; name = AssetsLibrary.framework; path = System/Library/Frameworks/AssetsLibrary.framework; sourceTree = SDKROOT; };
		E99BC187D34273EA781AD5C4 /* Pods-KifuCam.release.xcconfig */ = {isa = PBXFileReference; includeInIndex = 1; lastKnownFileType = text.xcconfig; name = "Pods-KifuCam.release.xcconfig"; path = "Target Support Files/Pods-KifuCam/Pods-KifuCam.release.xcconfig"; sourceTree = "<group>"; };
/* End PBXFileReference section */

/* Begin PBXFrameworksBuildPhase section */
		AC628C101F9A7D3F0043FCEE /* Frameworks */ = {
			isa = PBXFrameworksBuildPhase;
			buildActionMask = 2147483647;
			files = (
				ACF318532361048800C5E684 /* AssetsLibrary.framework in Frameworks */,
				AC80400A1FA92613000088D2 /* Accelerate.framework in Frameworks */,
				5587A33D3780040F87ABFBF6 /* Pods_KifuCam.framework in Frameworks */,
			);
			runOnlyForDeploymentPostprocessing = 0;
		};
/* End PBXFrameworksBuildPhase section */

/* Begin PBXGroup section */
		AC13BB19200BD32900369CAE /* LGSideMenuController */ = {
			isa = PBXGroup;
			children = (
				AC13BB1D200BD38500369CAE /* LGSideMenuBorderView.h */,
				AC13BB1A200BD38500369CAE /* LGSideMenuBorderView.m */,
				AC13BB1F200BD38500369CAE /* LGSideMenuController.h */,
				AC13BB25200BD38600369CAE /* LGSideMenuController.m */,
				AC13BB21200BD38600369CAE /* LGSideMenuGesturesHandler.h */,
				AC13BB20200BD38600369CAE /* LGSideMenuGesturesHandler.m */,
				AC13BB23200BD38600369CAE /* LGSideMenuHelper.h */,
				AC13BB1B200BD38500369CAE /* LGSideMenuHelper.m */,
				AC13BB24200BD38600369CAE /* LGSideMenuSegue.h */,
				AC13BB27200BD38600369CAE /* LGSideMenuSegue.m */,
				AC13BB1C200BD38500369CAE /* LGSideMenuView.h */,
				AC13BB26200BD38600369CAE /* LGSideMenuView.m */,
				AC13BB22200BD38600369CAE /* UIViewController+LGSideMenuController.h */,
				AC13BB1E200BD38500369CAE /* UIViewController+LGSideMenuController.m */,
			);
			name = LGSideMenuController;
			sourceTree = "<group>";
		};
		AC13BB41200BD6D400369CAE /* UIStuff */ = {
			isa = PBXGroup;
			children = (
				AC98149A2021167A004375DD /* AboutVC.h */,
				AC98149B2021167B004375DD /* AboutVC.m */,
				AC628C191F9A7D3F0043FCEE /* AppDelegate.h */,
				AC628C1A1F9A7D3F0043FCEE /* AppDelegate.m */,
				AC5F339E200FD370002FEF06 /* EditTestCaseVC.h */,
				AC5F339F200FD370002FEF06 /* EditTestCaseVC.m */,
				ACC913152017F4F300B62682 /* ImagesVC.h */,
				ACC913142017F4F300B62682 /* ImagesVC.m */,
				AC628C321F9A80150043FCEE /* MainVC.h */,
				AC628C331F9A80150043FCEE /* MainVC.m */,
				AC13BB35200BD6C400369CAE /* LeftMenuCell.h */,
				AC13BB3A200BD6C600369CAE /* LeftMenuCell.m */,
				AC13BB37200BD6C500369CAE /* LeftMenuController.h */,
				AC13BB2F200BD6C200369CAE /* LeftMenuController.m */,
				AC13BB30200BD6C200369CAE /* NavigationController.h */,
				AC13BB31200BD6C300369CAE /* NavigationController.m */,
				AC13BB32200BD6C300369CAE /* RightViewCell.h */,
				AC13BB39200BD6C500369CAE /* RightViewCell.m */,
				AC13BB33200BD6C300369CAE /* RightViewController.h */,
				AC13BB38200BD6C500369CAE /* RightViewController.m */,
				ACC91311201694C500B62682 /* SaveDiscardVC.h */,
				ACC91312201694C600B62682 /* SaveDiscardVC.m */,
				AC9814A020214F6B004375DD /* SettingsVC.h */,
				AC9814A120214F6B004375DD /* SettingsVC.m */,
				AC5F33A520128576002FEF06 /* TestResultsVC.h */,
				AC5F33A620128576002FEF06 /* TestResultsVC.m */,
				AC13BB36200BD6C400369CAE /* TopViewController.h */,
				AC13BB34200BD6C400369CAE /* TopViewController.m */,
				AC7402FA2023E81F0036ABC2 /* Launch.storyboard */,
			);
			path = UIStuff;
			sourceTree = "<group>";
		};
		AC59F7EE10A42170F409F458 /* Pods */ = {
			isa = PBXGroup;
			children = (
				2014658FF2E2F3364BBA01AA /* Pods-KifuCam.debug.xcconfig */,
				E99BC187D34273EA781AD5C4 /* Pods-KifuCam.release.xcconfig */,
			);
			path = Pods;
			sourceTree = "<group>";
		};
		AC5F33A12010FD48002FEF06 /* Utils */ = {
			isa = PBXGroup;
			children = (
				AC043D331F9BB9AB006CF7F0 /* Common.h */,
				ACA69E4B1F9D077B00F5E068 /* Common.m */,
				AC61AD551FBCCB0B00DEBCDA /* Common.cpp */,
				AC61AD561FBCCB0B00DEBCDA /* Common.hpp */,
				AC3C5EBA1FBC942000BB8B4F /* Ocv.cpp */,
				AC3C5EBB1FBC942000BB8B4F /* Ocv.hpp */,
				AC5F340F20151C59002FEF06 /* S3.h */,
				AC5F340D20151C41002FEF06 /* S3.m */,
			);
			path = Utils;
			sourceTree = "<group>";
		};
		AC628C0A1F9A7D3F0043FCEE = {
			isa = PBXGroup;
			children = (
				ACB76EEA2360FEFB00B0445B /* GoogleService-Info.plist */,
				AC13BB41200BD6D400369CAE /* UIStuff */,
				AC628C151F9A7D3F0043FCEE /* KifuCam */,
				AC5F33A12010FD48002FEF06 /* Utils */,
				AC13BB19200BD32900369CAE /* LGSideMenuController */,
				ACD9EB161FAD0B160049BBDE /* Assets */,
				AC628C141F9A7D3F0043FCEE /* Products */,
				AC8040081FA92604000088D2 /* Frameworks */,
				AC59F7EE10A42170F409F458 /* Pods */,
			);
			sourceTree = "<group>";
		};
		AC628C141F9A7D3F0043FCEE /* Products */ = {
			isa = PBXGroup;
			children = (
				AC628C131F9A7D3F0043FCEE /* KifuCam.app */,
			);
			name = Products;
			sourceTree = "<group>";
		};
		AC628C151F9A7D3F0043FCEE /* KifuCam */ = {
			isa = PBXGroup;
			children = (
				AC8ACF8B1FBF5553005D5722 /* BlobFinder.hpp */,
				AC8ACF8A1FBF5553005D5722 /* BlobFinder.cpp */,
				ACEF735F1FBDF53200DA4AD8 /* Clust1D.hpp */,
				AC5540751F9BE71800922557 /* CppInterface.h */,
				AC5540761F9BE71800922557 /* CppInterface.mm */,
				AC043D2D1F9AC580006CF7F0 /* FrameExtractor.h */,
				AC043D2E1F9AC580006CF7F0 /* FrameExtractor.m */,
				AC9702191FBC88050057C4C2 /* Globals.h */,
				AC9702171FBC87DF0057C4C2 /* Globals.mm */,
				ACA5B4A822CD6C5B008097A2 /* GoBoard.hpp */,
				AC1756CB200527770069EE99 /* Helpers.hpp */,
				ACAB45722051A25D00958AC6 /* KerasBoardModel.h */,
				ACAB45732051A25D00958AC6 /* KerasBoardModel.m */,
				ACB0C40E22D4E99A00356EA4 /* KerasScoreModel.h */,
				ACB0C40B22D4E94B00356EA4 /* KerasScoreModel.m */,
				AC3A1886203B8FE000A413A8 /* KerasStoneModel.h */,
				AC3A1887203B8FE000A413A8 /* KerasStoneModel.m */,
				ACAB4579205AC76F00958AC6 /* Perspective.hpp */,
				AC620A6222D6562900FDCB82 /* Scoring.hpp */,
				AC628C221F9A7D3F0043FCEE /* Assets.xcassets */,
				AC628C271F9A7D3F0043FCEE /* Info.plist */,
				AC628C161F9A7D3F0043FCEE /* Supporting Files */,
			);
			path = KifuCam;
			sourceTree = "<group>";
		};
		AC628C161F9A7D3F0043FCEE /* Supporting Files */ = {
			isa = PBXGroup;
			children = (
				AC628C171F9A7D3F0043FCEE /* main.m */,
			);
			name = "Supporting Files";
			sourceTree = "<group>";
		};
		AC8040081FA92604000088D2 /* Frameworks */ = {
			isa = PBXGroup;
			children = (
				ACF318522361048800C5E684 /* AssetsLibrary.framework */,
				AC8040091FA92604000088D2 /* Accelerate.framework */,
				6BBB9DA6166687033F12018B /* Pods_KifuCam.framework */,
			);
			name = Frameworks;
			sourceTree = "<group>";
		};
		ACD9EB161FAD0B160049BBDE /* Assets */ = {
			isa = PBXGroup;
			children = (
				ACB0C40F22D5100C00356EA4 /* nn_score.mlmodel */,
				ACAB4570204F0E7E00958AC6 /* nn_io.mlmodel */,
				AC3A1BEB203A8B3900AC3E70 /* nn_bew.mlmodel */,
				AC785344202B6D0400E565F3 /* radio_off.png */,
				AC785343202B6D0400E565F3 /* radio_on.png */,
				ACA86B71202508E700939F1A /* Icon-120.png */,
				ACA86B70202508E700939F1A /* Icon-152.png */,
				ACA86B72202508E700939F1A /* Icon-167.png */,
				AC9814A3202152CD004375DD /* checked.png */,
				AC9814A4202152CD004375DD /* unchecked.png */,
				ACAFE416201FD1AB00E26773 /* kifu-cam.png */,
				ACA185D7201BEA7000A3501E /* demo.png */,
				AC3274402016836C009BEFD2 /* video_icon.png */,
				AC32743F2016836B009BEFD2 /* photo_icon.png */,
			);
			path = Assets;
			sourceTree = "<group>";
		};
/* End PBXGroup section */

/* Begin PBXNativeTarget section */
		AC628C121F9A7D3F0043FCEE /* KifuCam */ = {
			isa = PBXNativeTarget;
			buildConfigurationList = AC628C2A1F9A7D3F0043FCEE /* Build configuration list for PBXNativeTarget "KifuCam" */;
			buildPhases = (
				BCDEB81BF9E9826CA6ECDC52 /* [CP] Check Pods Manifest.lock */,
				AC628C0F1F9A7D3F0043FCEE /* Sources */,
				AC628C101F9A7D3F0043FCEE /* Frameworks */,
				AC628C111F9A7D3F0043FCEE /* Resources */,
				AC5F340B201513F8002FEF06 /* Embed Frameworks */,
				1D229E5B053EFD0233E481C7 /* [CP] Embed Pods Frameworks */,
				AC844B1523610A87005AC814 /* ShellScript */,
			);
			buildRules = (
			);
			dependencies = (
			);
			name = KifuCam;
			productName = KifuCam;
			productReference = AC628C131F9A7D3F0043FCEE /* KifuCam.app */;
			productType = "com.apple.product-type.application";
		};
/* End PBXNativeTarget section */

/* Begin PBXProject section */
		AC628C0B1F9A7D3F0043FCEE /* Project object */ = {
			isa = PBXProject;
			attributes = {
				LastUpgradeCheck = 0900;
				ORGANIZATIONNAME = AHN;
				TargetAttributes = {
					AC628C121F9A7D3F0043FCEE = {
						CreatedOnToolsVersion = 8.0;
						DevelopmentTeam = J26TJ8F6WP;
						ProvisioningStyle = Automatic;
					};
				};
			};
			buildConfigurationList = AC628C0E1F9A7D3F0043FCEE /* Build configuration list for PBXProject "KifuCam" */;
			compatibilityVersion = "Xcode 3.2";
			developmentRegion = English;
			hasScannedForEncodings = 0;
			knownRegions = (
				English,
				en,
				Base,
			);
			mainGroup = AC628C0A1F9A7D3F0043FCEE;
			productRefGroup = AC628C141F9A7D3F0043FCEE /* Products */;
			projectDirPath = "";
			projectRoot = "";
			targets = (
				AC628C121F9A7D3F0043FCEE /* KifuCam */,
			);
		};
/* End PBXProject section */

/* Begin PBXResourcesBuildPhase section */
		AC628C111F9A7D3F0043FCEE /* Resources */ = {
			isa = PBXResourcesBuildPhase;
			buildActionMask = 2147483647;
			files = (
				AC785345202B6D0400E565F3 /* radio_on.png in Resources */,
				AC628C231F9A7D3F0043FCEE /* Assets.xcassets in Resources */,
				ACAFE424201FD1AB00E26773 /* kifu-cam.png in Resources */,
				AC9814A6202152CD004375DD /* unchecked.png in Resources */,
				AC9814A5202152CD004375DD /* checked.png in Resources */,
				AC785346202B6D0400E565F3 /* radio_off.png in Resources */,
				AC7402FB2023E81F0036ABC2 /* Launch.storyboard in Resources */,
				ACA86B73202508E800939F1A /* Icon-152.png in Resources */,
				ACA185D8201BEA7100A3501E /* demo.png in Resources */,
				ACA86B75202508E800939F1A /* Icon-167.png in Resources */,
				ACA86B74202508E800939F1A /* Icon-120.png in Resources */,
				AC3274422016836D009BEFD2 /* video_icon.png in Resources */,
				AC3274412016836D009BEFD2 /* photo_icon.png in Resources */,
				ACB76EEB2360FEFC00B0445B /* GoogleService-Info.plist in Resources */,
			);
			runOnlyForDeploymentPostprocessing = 0;
		};
/* End PBXResourcesBuildPhase section */

/* Begin PBXShellScriptBuildPhase section */
		1D229E5B053EFD0233E481C7 /* [CP] Embed Pods Frameworks */ = {
			isa = PBXShellScriptBuildPhase;
			buildActionMask = 2147483647;
			files = (
			);
			inputPaths = (
				"${PODS_ROOT}/Target Support Files/Pods-KifuCam/Pods-KifuCam-frameworks.sh",
				"${BUILT_PRODUCTS_DIR}/AWSAutoScaling/AWSAutoScaling.framework",
				"${BUILT_PRODUCTS_DIR}/AWSCloudWatch/AWSCloudWatch.framework",
				"${BUILT_PRODUCTS_DIR}/AWSCognito/AWSCognito.framework",
				"${BUILT_PRODUCTS_DIR}/AWSCognitoIdentityProvider/AWSCognitoIdentityProvider.framework",
				"${BUILT_PRODUCTS_DIR}/AWSCognitoIdentityProviderASF/AWSCognitoIdentityProviderASF.framework",
				"${BUILT_PRODUCTS_DIR}/AWSCore/AWSCore.framework",
				"${BUILT_PRODUCTS_DIR}/AWSDynamoDB/AWSDynamoDB.framework",
				"${BUILT_PRODUCTS_DIR}/AWSEC2/AWSEC2.framework",
				"${BUILT_PRODUCTS_DIR}/AWSElasticLoadBalancing/AWSElasticLoadBalancing.framework",
				"${BUILT_PRODUCTS_DIR}/AWSIoT/AWSIoT.framework",
				"${BUILT_PRODUCTS_DIR}/AWSKinesis/AWSKinesis.framework",
				"${BUILT_PRODUCTS_DIR}/AWSLambda/AWSLambda.framework",
				"${BUILT_PRODUCTS_DIR}/AWSMachineLearning/AWSMachineLearning.framework",
				"${BUILT_PRODUCTS_DIR}/AWSMobileAnalytics/AWSMobileAnalytics.framework",
				"${BUILT_PRODUCTS_DIR}/AWSS3/AWSS3.framework",
				"${BUILT_PRODUCTS_DIR}/AWSSES/AWSSES.framework",
				"${BUILT_PRODUCTS_DIR}/AWSSNS/AWSSNS.framework",
				"${BUILT_PRODUCTS_DIR}/AWSSQS/AWSSQS.framework",
				"${BUILT_PRODUCTS_DIR}/AWSSimpleDB/AWSSimpleDB.framework",
				"${BUILT_PRODUCTS_DIR}/GoogleUtilities/GoogleUtilities.framework",
				"${BUILT_PRODUCTS_DIR}/nanopb/nanopb.framework",
			);
			name = "[CP] Embed Pods Frameworks";
			outputPaths = (
				"${TARGET_BUILD_DIR}/${FRAMEWORKS_FOLDER_PATH}/AWSAutoScaling.framework",
				"${TARGET_BUILD_DIR}/${FRAMEWORKS_FOLDER_PATH}/AWSCloudWatch.framework",
				"${TARGET_BUILD_DIR}/${FRAMEWORKS_FOLDER_PATH}/AWSCognito.framework",
				"${TARGET_BUILD_DIR}/${FRAMEWORKS_FOLDER_PATH}/AWSCognitoIdentityProvider.framework",
				"${TARGET_BUILD_DIR}/${FRAMEWORKS_FOLDER_PATH}/AWSCognitoIdentityProviderASF.framework",
				"${TARGET_BUILD_DIR}/${FRAMEWORKS_FOLDER_PATH}/AWSCore.framework",
				"${TARGET_BUILD_DIR}/${FRAMEWORKS_FOLDER_PATH}/AWSDynamoDB.framework",
				"${TARGET_BUILD_DIR}/${FRAMEWORKS_FOLDER_PATH}/AWSEC2.framework",
				"${TARGET_BUILD_DIR}/${FRAMEWORKS_FOLDER_PATH}/AWSElasticLoadBalancing.framework",
				"${TARGET_BUILD_DIR}/${FRAMEWORKS_FOLDER_PATH}/AWSIoT.framework",
				"${TARGET_BUILD_DIR}/${FRAMEWORKS_FOLDER_PATH}/AWSKinesis.framework",
				"${TARGET_BUILD_DIR}/${FRAMEWORKS_FOLDER_PATH}/AWSLambda.framework",
				"${TARGET_BUILD_DIR}/${FRAMEWORKS_FOLDER_PATH}/AWSMachineLearning.framework",
				"${TARGET_BUILD_DIR}/${FRAMEWORKS_FOLDER_PATH}/AWSMobileAnalytics.framework",
				"${TARGET_BUILD_DIR}/${FRAMEWORKS_FOLDER_PATH}/AWSS3.framework",
				"${TARGET_BUILD_DIR}/${FRAMEWORKS_FOLDER_PATH}/AWSSES.framework",
				"${TARGET_BUILD_DIR}/${FRAMEWORKS_FOLDER_PATH}/AWSSNS.framework",
				"${TARGET_BUILD_DIR}/${FRAMEWORKS_FOLDER_PATH}/AWSSQS.framework",
				"${TARGET_BUILD_DIR}/${FRAMEWORKS_FOLDER_PATH}/AWSSimpleDB.framework",
				"${TARGET_BUILD_DIR}/${FRAMEWORKS_FOLDER_PATH}/GoogleUtilities.framework",
				"${TARGET_BUILD_DIR}/${FRAMEWORKS_FOLDER_PATH}/nanopb.framework",
			);
			runOnlyForDeploymentPostprocessing = 0;
			shellPath = /bin/sh;
			shellScript = "\"${PODS_ROOT}/Target Support Files/Pods-KifuCam/Pods-KifuCam-frameworks.sh\"\n";
			showEnvVarsInLog = 0;
		};
		AC844B1523610A87005AC814 /* ShellScript */ = {
			isa = PBXShellScriptBuildPhase;
			buildActionMask = 2147483647;
			files = (
			);
			inputFileListPaths = (
			);
			inputPaths = (
			);
			outputFileListPaths = (
			);
			outputPaths = (
			);
			runOnlyForDeploymentPostprocessing = 0;
			shellPath = /bin/sh;
			shellScript = "\"./Pods/Fabric/run\"\n\n        \n";
		};
		BCDEB81BF9E9826CA6ECDC52 /* [CP] Check Pods Manifest.lock */ = {
			isa = PBXShellScriptBuildPhase;
			buildActionMask = 2147483647;
			files = (
			);
			inputFileListPaths = (
			);
			inputPaths = (
				"${PODS_PODFILE_DIR_PATH}/Podfile.lock",
				"${PODS_ROOT}/Manifest.lock",
			);
			name = "[CP] Check Pods Manifest.lock";
			outputFileListPaths = (
			);
			outputPaths = (
				"$(DERIVED_FILE_DIR)/Pods-KifuCam-checkManifestLockResult.txt",
			);
			runOnlyForDeploymentPostprocessing = 0;
			shellPath = /bin/sh;
			shellScript = "diff \"${PODS_PODFILE_DIR_PATH}/Podfile.lock\" \"${PODS_ROOT}/Manifest.lock\" > /dev/null\nif [ $? != 0 ] ; then\n    # print error to STDERR\n    echo \"error: The sandbox is not in sync with the Podfile.lock. Run 'pod install' or update your CocoaPods installation.\" >&2\n    exit 1\nfi\n# This output is used by Xcode 'outputs' to avoid re-running this script phase.\necho \"SUCCESS\" > \"${SCRIPT_OUTPUT_FILE_0}\"\n";
			showEnvVarsInLog = 0;
		};
/* End PBXShellScriptBuildPhase section */

/* Begin PBXSourcesBuildPhase section */
		AC628C0F1F9A7D3F0043FCEE /* Sources */ = {
			isa = PBXSourcesBuildPhase;
			buildActionMask = 2147483647;
			files = (
				ACB0C40C22D4E94B00356EA4 /* KerasScoreModel.m in Sources */,
				AC13BB2B200BD38600369CAE /* LGSideMenuGesturesHandler.m in Sources */,
				AC3C5EBC1FBC942000BB8B4F /* Ocv.cpp in Sources */,
				AC13BB2C200BD38700369CAE /* LGSideMenuController.m in Sources */,
				AC13BB29200BD38600369CAE /* LGSideMenuHelper.m in Sources */,
				ACC91313201694C700B62682 /* SaveDiscardVC.m in Sources */,
				ACA69E4C1F9D077B00F5E068 /* Common.m in Sources */,
				AC98149C2021167B004375DD /* AboutVC.m in Sources */,
				AC61AD571FBCCB0B00DEBCDA /* Common.cpp in Sources */,
				AC13BB2D200BD38700369CAE /* LGSideMenuView.m in Sources */,
				AC13BB40200BD6C600369CAE /* LeftMenuCell.m in Sources */,
				AC5F340E20151C41002FEF06 /* S3.m in Sources */,
				AC5540771F9BE71900922557 /* CppInterface.mm in Sources */,
				AC13BB3B200BD6C600369CAE /* LeftMenuController.m in Sources */,
				AC9702181FBC87DF0057C4C2 /* Globals.mm in Sources */,
				ACB0C41022D5100C00356EA4 /* nn_score.mlmodel in Sources */,
				AC13BB2E200BD38700369CAE /* LGSideMenuSegue.m in Sources */,
				AC8ACF8C1FBF5553005D5722 /* BlobFinder.cpp in Sources */,
				AC13BB28200BD38600369CAE /* LGSideMenuBorderView.m in Sources */,
				AC5F33A0200FD370002FEF06 /* EditTestCaseVC.m in Sources */,
				AC3A1888203B8FE000A413A8 /* KerasStoneModel.m in Sources */,
				AC628C341F9A80150043FCEE /* MainVC.m in Sources */,
				AC13BB3E200BD6C600369CAE /* RightViewController.m in Sources */,
				AC628C1B1F9A7D3F0043FCEE /* AppDelegate.m in Sources */,
				AC9814A220214F6B004375DD /* SettingsVC.m in Sources */,
				AC5F33A720128576002FEF06 /* TestResultsVC.m in Sources */,
				AC043D2F1F9AC580006CF7F0 /* FrameExtractor.m in Sources */,
				AC13BB3D200BD6C600369CAE /* TopViewController.m in Sources */,
				ACC913162017F4F400B62682 /* ImagesVC.m in Sources */,
				AC13BB3C200BD6C600369CAE /* NavigationController.m in Sources */,
				AC13BB3F200BD6C600369CAE /* RightViewCell.m in Sources */,
				ACAB4571204F0E7E00958AC6 /* nn_io.mlmodel in Sources */,
				AC628C181F9A7D3F0043FCEE /* main.m in Sources */,
				AC13BB2A200BD38600369CAE /* UIViewController+LGSideMenuController.m in Sources */,
				ACAB45742051A25E00958AC6 /* KerasBoardModel.m in Sources */,
				AC3A1BEC203A8B3900AC3E70 /* nn_bew.mlmodel in Sources */,
			);
			runOnlyForDeploymentPostprocessing = 0;
		};
/* End PBXSourcesBuildPhase section */

/* Begin XCBuildConfiguration section */
		AC628C281F9A7D3F0043FCEE /* Debug */ = {
			isa = XCBuildConfiguration;
			buildSettings = {
				ALWAYS_SEARCH_USER_PATHS = NO;
				CLANG_ANALYZER_NONNULL = YES;
				CLANG_CXX_LANGUAGE_STANDARD = "c++17";
				CLANG_CXX_LIBRARY = "libc++";
				CLANG_ENABLE_MODULES = YES;
				CLANG_ENABLE_OBJC_ARC = YES;
				CLANG_WARN_BLOCK_CAPTURE_AUTORELEASING = YES;
				CLANG_WARN_BOOL_CONVERSION = YES;
				CLANG_WARN_COMMA = YES;
				CLANG_WARN_CONSTANT_CONVERSION = YES;
				CLANG_WARN_DIRECT_OBJC_ISA_USAGE = YES_ERROR;
				CLANG_WARN_DOCUMENTATION_COMMENTS = NO;
				CLANG_WARN_EMPTY_BODY = YES;
				CLANG_WARN_ENUM_CONVERSION = YES;
				CLANG_WARN_INFINITE_RECURSION = YES;
				CLANG_WARN_INT_CONVERSION = YES;
				CLANG_WARN_NON_LITERAL_NULL_CONVERSION = YES;
				CLANG_WARN_OBJC_LITERAL_CONVERSION = YES;
				CLANG_WARN_OBJC_ROOT_CLASS = YES_ERROR;
				CLANG_WARN_RANGE_LOOP_ANALYSIS = YES;
				CLANG_WARN_STRICT_PROTOTYPES = YES;
				CLANG_WARN_SUSPICIOUS_MOVE = YES;
				CLANG_WARN_SUSPICIOUS_MOVES = YES;
				CLANG_WARN_UNREACHABLE_CODE = YES;
				CLANG_WARN__DUPLICATE_METHOD_MATCH = YES;
				"CODE_SIGN_IDENTITY[sdk=iphoneos*]" = "iPhone Developer";
				COPY_PHASE_STRIP = NO;
				DEBUG_INFORMATION_FORMAT = "dwarf-with-dsym";
				ENABLE_BITCODE = NO;
				ENABLE_STRICT_OBJC_MSGSEND = YES;
				ENABLE_TESTABILITY = YES;
				GCC_C_LANGUAGE_STANDARD = gnu99;
				GCC_DYNAMIC_NO_PIC = NO;
				GCC_NO_COMMON_BLOCKS = YES;
				GCC_OPTIMIZATION_LEVEL = 0;
				GCC_PREPROCESSOR_DEFINITIONS = (
					"DEBUG=1",
					"$(inherited)",
				);
				GCC_SYMBOLS_PRIVATE_EXTERN = YES;
				GCC_WARN_64_TO_32_BIT_CONVERSION = YES;
				GCC_WARN_ABOUT_RETURN_TYPE = YES_ERROR;
				GCC_WARN_UNDECLARED_SELECTOR = YES;
				GCC_WARN_UNINITIALIZED_AUTOS = YES_AGGRESSIVE;
				GCC_WARN_UNUSED_FUNCTION = YES;
				GCC_WARN_UNUSED_VARIABLE = YES;
				IPHONEOS_DEPLOYMENT_TARGET = 11.0;
				MTL_ENABLE_DEBUG_INFO = YES;
				ONLY_ACTIVE_ARCH = YES;
				"OTHER_LDFLAGS[arch=*]" = "-w";
				SDKROOT = iphoneos;
				TARGETED_DEVICE_FAMILY = "1,2";
			};
			name = Debug;
		};
		AC628C291F9A7D3F0043FCEE /* Release */ = {
			isa = XCBuildConfiguration;
			buildSettings = {
				ALWAYS_SEARCH_USER_PATHS = NO;
				CLANG_ANALYZER_NONNULL = YES;
				CLANG_CXX_LANGUAGE_STANDARD = "c++17";
				CLANG_CXX_LIBRARY = "libc++";
				CLANG_ENABLE_MODULES = YES;
				CLANG_ENABLE_OBJC_ARC = YES;
				CLANG_WARN_BLOCK_CAPTURE_AUTORELEASING = YES;
				CLANG_WARN_BOOL_CONVERSION = YES;
				CLANG_WARN_COMMA = YES;
				CLANG_WARN_CONSTANT_CONVERSION = YES;
				CLANG_WARN_DIRECT_OBJC_ISA_USAGE = YES_ERROR;
				CLANG_WARN_DOCUMENTATION_COMMENTS = NO;
				CLANG_WARN_EMPTY_BODY = YES;
				CLANG_WARN_ENUM_CONVERSION = YES;
				CLANG_WARN_INFINITE_RECURSION = YES;
				CLANG_WARN_INT_CONVERSION = YES;
				CLANG_WARN_NON_LITERAL_NULL_CONVERSION = YES;
				CLANG_WARN_OBJC_LITERAL_CONVERSION = YES;
				CLANG_WARN_OBJC_ROOT_CLASS = YES_ERROR;
				CLANG_WARN_RANGE_LOOP_ANALYSIS = YES;
				CLANG_WARN_STRICT_PROTOTYPES = YES;
				CLANG_WARN_SUSPICIOUS_MOVE = YES;
				CLANG_WARN_SUSPICIOUS_MOVES = YES;
				CLANG_WARN_UNREACHABLE_CODE = YES;
				CLANG_WARN__DUPLICATE_METHOD_MATCH = YES;
				"CODE_SIGN_IDENTITY[sdk=iphoneos*]" = "iPhone Developer";
				COPY_PHASE_STRIP = NO;
				DEBUG_INFORMATION_FORMAT = "dwarf-with-dsym";
				ENABLE_BITCODE = NO;
				ENABLE_NS_ASSERTIONS = NO;
				ENABLE_STRICT_OBJC_MSGSEND = YES;
				GCC_C_LANGUAGE_STANDARD = gnu99;
				GCC_NO_COMMON_BLOCKS = YES;
				GCC_SYMBOLS_PRIVATE_EXTERN = YES;
				GCC_WARN_64_TO_32_BIT_CONVERSION = YES;
				GCC_WARN_ABOUT_RETURN_TYPE = YES_ERROR;
				GCC_WARN_UNDECLARED_SELECTOR = YES;
				GCC_WARN_UNINITIALIZED_AUTOS = YES_AGGRESSIVE;
				GCC_WARN_UNUSED_FUNCTION = YES;
				GCC_WARN_UNUSED_VARIABLE = YES;
				IPHONEOS_DEPLOYMENT_TARGET = 11.0;
				MTL_ENABLE_DEBUG_INFO = NO;
				"OTHER_LDFLAGS[arch=*]" = "-w";
				SDKROOT = iphoneos;
				TARGETED_DEVICE_FAMILY = "1,2";
				VALIDATE_PRODUCT = YES;
			};
			name = Release;
		};
		AC628C2B1F9A7D3F0043FCEE /* Debug */ = {
			isa = XCBuildConfiguration;
			baseConfigurationReference = 2014658FF2E2F3364BBA01AA /* Pods-KifuCam.debug.xcconfig */;
			buildSettings = {
				ASSETCATALOG_COMPILER_APPICON_NAME = AppIcon;
				DEVELOPMENT_TEAM = J26TJ8F6WP;
				FRAMEWORK_SEARCH_PATHS = (
					"$(inherited)",
					"$(PROJECT_DIR)",
					"$(PROJECT_DIR)/aws-ios-sdk-2.6.11/frameworks",
					"$(PROJECT_DIR)/AWS/frameworks",
				);
				INFOPLIST_FILE = KifuCam/Info.plist;
				LD_RUNPATH_SEARCH_PATHS = "$(inherited) @executable_path/Frameworks";
				MARKETING_VERSION = 3.4;
				PRODUCT_BUNDLE_IDENTIFIER = com.ahn.KifuCam;
				PRODUCT_NAME = "$(TARGET_NAME)";
				TARGETED_DEVICE_FAMILY = "1,2";
			};
			name = Debug;
		};
		AC628C2C1F9A7D3F0043FCEE /* Release */ = {
			isa = XCBuildConfiguration;
			baseConfigurationReference = E99BC187D34273EA781AD5C4 /* Pods-KifuCam.release.xcconfig */;
			buildSettings = {
				ASSETCATALOG_COMPILER_APPICON_NAME = AppIcon;
				DEVELOPMENT_TEAM = J26TJ8F6WP;
				FRAMEWORK_SEARCH_PATHS = (
					"$(inherited)",
					"$(PROJECT_DIR)",
					"$(PROJECT_DIR)/aws-ios-sdk-2.6.11/frameworks",
					"$(PROJECT_DIR)/AWS/frameworks",
				);
				INFOPLIST_FILE = KifuCam/Info.plist;
				LD_RUNPATH_SEARCH_PATHS = "$(inherited) @executable_path/Frameworks";
				MARKETING_VERSION = 3.4;
				PRODUCT_BUNDLE_IDENTIFIER = com.ahn.KifuCam;
				PRODUCT_NAME = "$(TARGET_NAME)";
				TARGETED_DEVICE_FAMILY = "1,2";
			};
			name = Release;
		};
/* End XCBuildConfiguration section */

/* Begin XCConfigurationList section */
		AC628C0E1F9A7D3F0043FCEE /* Build configuration list for PBXProject "KifuCam" */ = {
			isa = XCConfigurationList;
			buildConfigurations = (
				AC628C281F9A7D3F0043FCEE /* Debug */,
				AC628C291F9A7D3F0043FCEE /* Release */,
			);
			defaultConfigurationIsVisible = 0;
			defaultConfigurationName = Release;
		};
		AC628C2A1F9A7D3F0043FCEE /* Build configuration list for PBXNativeTarget "KifuCam" */ = {
			isa = XCConfigurationList;
			buildConfigurations = (
				AC628C2B1F9A7D3F0043FCEE /* Debug */,
				AC628C2C1F9A7D3F0043FCEE /* Release */,
			);
			defaultConfigurationIsVisible = 0;
			defaultConfigurationName = Release;
		};
/* End XCConfigurationList section */
	};
	rootObject = AC628C0B1F9A7D3F0043FCEE /* Project object */;
}
